{
  "name": "stealth-checkout",
  "lockfileVersion": 3,
  "requires": true,
  "packages": {
    "": {
      "name": "stealth-checkout",
      "workspaces": [
        "packages/*"
      ],
      "devDependencies": {
        "typescript": "5.9.2"
      }
    },
    "node_modules/strk20-pay": {
      "resolved": "packages/strk20-pay",
      "link": true
    },
    "node_modules/typescript": {
      "version": "5.9.2",
      "resolved": "https://registry.npmjs.org/typescript/-/typescript-5.9.2.tgz",
      "integrity": "sha512-CWBzXQrc/qOkhidw1OzBTQuYRbfyxDXJMVJ1XNwUHGROVmuaeiEm3OslpZ1RV96d7SKKjZKrSJu3+t/xlw3R9A==",
      "dev": true,
      "license": "Apache-2.0",
      "bin": {
        "tsc": "bin/tsc",
        "tsserver": "bin/tsserver"
      },
      "engines": {
        "node": ">=14.17"
      }
    },
    "packages/strk20-pay": {
      "version": "0.1.0",
      "license": "MIT"
    }
  }
}
